// !$*UTF8*$!
{
	archiveVersion = 1;
	classes = {
	};
	objectVersion = 46;
	objects = {

/* Begin PBXBuildFile section */
		5303A941181A70800070356D /* ocem_test.cpp in Sources */ = {isa = PBXBuildFile; fileRef = 5303A940181A70800070356D /* ocem_test.cpp */; };
		531889331817F20C0058D1F5 /* powersupply.h in Headers */ = {isa = PBXBuildFile; fileRef = 531889321817F20C0058D1F5 /* powersupply.h */; settings = {ATTRIBUTES = (Public, ); }; };
		531889361817F3B90058D1F5 /* OcemE642X.h in CopyFiles */ = {isa = PBXBuildFile; fileRef = 53ECE3E61817BB9300ABD226 /* OcemE642X.h */; };
		53439F4618478349009635A5 /* SimPSupply.cpp in Sources */ = {isa = PBXBuildFile; fileRef = 53439F4418478349009635A5 /* SimPSupply.cpp */; };
		53439F4718478349009635A5 /* SimPSupply.h in Headers */ = {isa = PBXBuildFile; fileRef = 53439F4518478349009635A5 /* SimPSupply.h */; };
		53ECE3E11817BB8800ABD226 /* AbstractPowerSupply.h in Headers */ = {isa = PBXBuildFile; fileRef = 53ECE3B41817BB8800ABD226 /* AbstractPowerSupply.h */; settings = {ATTRIBUTES = (Private, ); }; };
		53ECE3E71817BB9300ABD226 /* OcemE642X.cpp in Sources */ = {isa = PBXBuildFile; fileRef = 53ECE3E51817BB9300ABD226 /* OcemE642X.cpp */; };
		53ECE3E81817BB9300ABD226 /* OcemE642X.h in Headers */ = {isa = PBXBuildFile; fileRef = 53ECE3E61817BB9300ABD226 /* OcemE642X.h */; };
/* End PBXBuildFile section */

/* Begin PBXContainerItemProxy section */
		531889371817F4320058D1F5 /* PBXContainerItemProxy */ = {
			isa = PBXContainerItemProxy;
			containerPortal = 533EF8FB17E9F252004094C6 /* Project object */;
			proxyType = 1;
			remoteGlobalIDString = 533EF90217E9F252004094C6;
			remoteInfo = common_powersupply;
		};
/* End PBXContainerItemProxy section */

/* Begin PBXCopyFilesBuildPhase section */
		531889341817F3120058D1F5 /* CopyFiles */ = {
			isa = PBXCopyFilesBuildPhase;
			buildActionMask = 2147483647;
			dstPath = "$(PUBLIC_HEADERS_FOLDER_PATH)/Ocem";
			dstSubfolderSpec = 0;
			files = (
				531889361817F3B90058D1F5 /* OcemE642X.h in CopyFiles */,
			);
			runOnlyForDeploymentPostprocessing = 0;
		};
		53ECE3EB1817BBED00ABD226 /* CopyFiles */ = {
			isa = PBXCopyFilesBuildPhase;
			buildActionMask = 2147483647;
			dstPath = /usr/share/man/man1/;
			dstSubfolderSpec = 0;
			files = (
			);
			runOnlyForDeploymentPostprocessing = 1;
		};
/* End PBXCopyFilesBuildPhase section */

/* Begin PBXFileReference section */
		5303A940181A70800070356D /* ocem_test.cpp */ = {isa = PBXFileReference; fileEncoding = 4; lastKnownFileType = sourcecode.cpp.cpp; path = ocem_test.cpp; sourceTree = "<group>"; };
		531889321817F20C0058D1F5 /* powersupply.h */ = {isa = PBXFileReference; fileEncoding = 4; lastKnownFileType = sourcecode.c.h; path = powersupply.h; sourceTree = "<group>"; };
		533EF90317E9F252004094C6 /* libcommon_powersupply.dylib */ = {isa = PBXFileReference; explicitFileType = "compiled.mach-o.dylib"; includeInIndex = 0; path = libcommon_powersupply.dylib; sourceTree = BUILT_PRODUCTS_DIR; };
		53439F4418478349009635A5 /* SimPSupply.cpp */ = {isa = PBXFileReference; fileEncoding = 4; lastKnownFileType = sourcecode.cpp.cpp; path = SimPSupply.cpp; sourceTree = "<group>"; };
		53439F4518478349009635A5 /* SimPSupply.h */ = {isa = PBXFileReference; fileEncoding = 4; lastKnownFileType = sourcecode.c.h; path = SimPSupply.h; sourceTree = "<group>"; };
		53ECE3B41817BB8800ABD226 /* AbstractPowerSupply.h */ = {isa = PBXFileReference; fileEncoding = 4; lastKnownFileType = sourcecode.c.h; path = AbstractPowerSupply.h; sourceTree = "<group>"; };
		53ECE3E51817BB9300ABD226 /* OcemE642X.cpp */ = {isa = PBXFileReference; fileEncoding = 4; lastKnownFileType = sourcecode.cpp.cpp; path = OcemE642X.cpp; sourceTree = "<group>"; };
		53ECE3E61817BB9300ABD226 /* OcemE642X.h */ = {isa = PBXFileReference; fileEncoding = 4; lastKnownFileType = sourcecode.c.h; path = OcemE642X.h; sourceTree = "<group>"; };
		53ECE3ED1817BBED00ABD226 /* test_ocem */ = {isa = PBXFileReference; explicitFileType = "compiled.mach-o.executable"; includeInIndex = 0; path = test_ocem; sourceTree = BUILT_PRODUCTS_DIR; };
/* End PBXFileReference section */

/* Begin PBXFrameworksBuildPhase section */
		533EF90017E9F252004094C6 /* Frameworks */ = {
			isa = PBXFrameworksBuildPhase;
			buildActionMask = 2147483647;
			files = (
			);
			runOnlyForDeploymentPostprocessing = 0;
		};
		53ECE3EA1817BBED00ABD226 /* Frameworks */ = {
			isa = PBXFrameworksBuildPhase;
			buildActionMask = 2147483647;
			files = (
			);
			runOnlyForDeploymentPostprocessing = 0;
		};
/* End PBXFrameworksBuildPhase section */

/* Begin PBXGroup section */
		5303A93F181A70800070356D /* test */ = {
			isa = PBXGroup;
			children = (
				5303A940181A70800070356D /* ocem_test.cpp */,
			);
			path = test;
			sourceTree = "<group>";
		};
		533EF8FA17E9F252004094C6 = {
			isa = PBXGroup;
			children = (
				5303A93F181A70800070356D /* test */,
				531889321817F20C0058D1F5 /* powersupply.h */,
				533EF90E17E9F300004094C6 /* common_PowerSupply */,
				533EF90417E9F252004094C6 /* Products */,
			);
			sourceTree = "<group>";
		};
		533EF90417E9F252004094C6 /* Products */ = {
			isa = PBXGroup;
			children = (
				533EF90317E9F252004094C6 /* libcommon_powersupply.dylib */,
				53ECE3ED1817BBED00ABD226 /* test_ocem */,
			);
			name = Products;
			sourceTree = "<group>";
		};
		533EF90E17E9F300004094C6 /* common_PowerSupply */ = {
			isa = PBXGroup;
			children = (
				53439F4318478349009635A5 /* Simulator */,
				53ECE3E41817BB9300ABD226 /* Ocem */,
				53ECE3B31817BB8800ABD226 /* core */,
			);
			name = common_PowerSupply;
			sourceTree = "<group>";
		};
		53439F4318478349009635A5 /* Simulator */ = {
			isa = PBXGroup;
			children = (
				53439F4418478349009635A5 /* SimPSupply.cpp */,
				53439F4518478349009635A5 /* SimPSupply.h */,
			);
			path = Simulator;
			sourceTree = "<group>";
		};
		53ECE3B31817BB8800ABD226 /* core */ = {
			isa = PBXGroup;
			children = (
				53ECE3B41817BB8800ABD226 /* AbstractPowerSupply.h */,
			);
			path = core;
			sourceTree = "<group>";
		};
		53ECE3E41817BB9300ABD226 /* Ocem */ = {
			isa = PBXGroup;
			children = (
				53ECE3E51817BB9300ABD226 /* OcemE642X.cpp */,
				53ECE3E61817BB9300ABD226 /* OcemE642X.h */,
			);
			path = Ocem;
			sourceTree = "<group>";
		};
/* End PBXGroup section */

/* Begin PBXHeadersBuildPhase section */
		533EF90117E9F252004094C6 /* Headers */ = {
			isa = PBXHeadersBuildPhase;
			buildActionMask = 2147483647;
			files = (
				531889331817F20C0058D1F5 /* powersupply.h in Headers */,
				53ECE3E11817BB8800ABD226 /* AbstractPowerSupply.h in Headers */,
				53ECE3E81817BB9300ABD226 /* OcemE642X.h in Headers */,
				53439F4718478349009635A5 /* SimPSupply.h in Headers */,
			);
			runOnlyForDeploymentPostprocessing = 0;
		};
/* End PBXHeadersBuildPhase section */

/* Begin PBXNativeTarget section */
		533EF90217E9F252004094C6 /* common_powersupply */ = {
			isa = PBXNativeTarget;
			buildConfigurationList = 533EF90717E9F252004094C6 /* Build configuration list for PBXNativeTarget "common_powersupply" */;
			buildPhases = (
				533EF8FF17E9F252004094C6 /* Sources */,
				533EF90017E9F252004094C6 /* Frameworks */,
				533EF90117E9F252004094C6 /* Headers */,
				531889341817F3120058D1F5 /* CopyFiles */,
			);
			buildRules = (
			);
			dependencies = (
			);
			name = common_powersupply;
			productName = common_PowerSupply;
			productReference = 533EF90317E9F252004094C6 /* libcommon_powersupply.dylib */;
			productType = "com.apple.product-type.library.dynamic";
		};
		53ECE3EC1817BBED00ABD226 /* test_ocem */ = {
			isa = PBXNativeTarget;
			buildConfigurationList = 53ECE3F31817BBEE00ABD226 /* Build configuration list for PBXNativeTarget "test_ocem" */;
			buildPhases = (
				53ECE3E91817BBED00ABD226 /* Sources */,
				53ECE3EA1817BBED00ABD226 /* Frameworks */,
				53ECE3EB1817BBED00ABD226 /* CopyFiles */,
			);
			buildRules = (
			);
			dependencies = (
				531889381817F4320058D1F5 /* PBXTargetDependency */,
			);
			name = test_ocem;
			productName = test_ocem;
			productReference = 53ECE3ED1817BBED00ABD226 /* test_ocem */;
			productType = "com.apple.product-type.tool";
		};
/* End PBXNativeTarget section */

/* Begin PBXProject section */
		533EF8FB17E9F252004094C6 /* Project object */ = {
			isa = PBXProject;
			attributes = {
				LastUpgradeCheck = 0460;
				ORGANIZATIONNAME = "andrea michelotti";
			};
			buildConfigurationList = 533EF8FE17E9F252004094C6 /* Build configuration list for PBXProject "PowerSupply" */;
			compatibilityVersion = "Xcode 3.2";
			developmentRegion = English;
			hasScannedForEncodings = 0;
			knownRegions = (
				en,
			);
			mainGroup = 533EF8FA17E9F252004094C6;
			productRefGroup = 533EF90417E9F252004094C6 /* Products */;
			projectDirPath = "";
			projectRoot = "";
			targets = (
				533EF90217E9F252004094C6 /* common_powersupply */,
				53ECE3EC1817BBED00ABD226 /* test_ocem */,
			);
		};
/* End PBXProject section */

/* Begin PBXSourcesBuildPhase section */
		533EF8FF17E9F252004094C6 /* Sources */ = {
			isa = PBXSourcesBuildPhase;
			buildActionMask = 2147483647;
			files = (
				53439F4618478349009635A5 /* SimPSupply.cpp in Sources */,
				53ECE3E71817BB9300ABD226 /* OcemE642X.cpp in Sources */,
			);
			runOnlyForDeploymentPostprocessing = 0;
		};
		53ECE3E91817BBED00ABD226 /* Sources */ = {
			isa = PBXSourcesBuildPhase;
			buildActionMask = 2147483647;
			files = (
				5303A941181A70800070356D /* ocem_test.cpp in Sources */,
			);
			runOnlyForDeploymentPostprocessing = 0;
		};
/* End PBXSourcesBuildPhase section */

/* Begin PBXTargetDependency section */
		531889381817F4320058D1F5 /* PBXTargetDependency */ = {
			isa = PBXTargetDependency;
			target = 533EF90217E9F252004094C6 /* common_powersupply */;
			targetProxy = 531889371817F4320058D1F5 /* PBXContainerItemProxy */;
		};
/* End PBXTargetDependency section */

/* Begin XCBuildConfiguration section */
		533EF90517E9F252004094C6 /* Debug */ = {
			isa = XCBuildConfiguration;
			buildSettings = {
				ALWAYS_SEARCH_USER_PATHS = NO;
				ARCHS = "$(ARCHS_STANDARD_64_BIT)";
				CLANG_CXX_LANGUAGE_STANDARD = "gnu++0x";
				CLANG_CXX_LIBRARY = "libc++";
				CLANG_WARN_CONSTANT_CONVERSION = YES;
				CLANG_WARN_EMPTY_BODY = YES;
				CLANG_WARN_ENUM_CONVERSION = YES;
				CLANG_WARN_INT_CONVERSION = YES;
				CLANG_WARN__DUPLICATE_METHOD_MATCH = YES;
				COPY_PHASE_STRIP = NO;
				GCC_C_LANGUAGE_STANDARD = gnu99;
				GCC_DYNAMIC_NO_PIC = NO;
				GCC_ENABLE_OBJC_EXCEPTIONS = YES;
				GCC_OPTIMIZATION_LEVEL = 0;
				GCC_PREPROCESSOR_DEFINITIONS = (
					"DEBUG=1",
					"$(inherited)",
				);
				GCC_SYMBOLS_PRIVATE_EXTERN = NO;
				GCC_WARN_64_TO_32_BIT_CONVERSION = YES;
				GCC_WARN_ABOUT_RETURN_TYPE = YES;
				GCC_WARN_UNINITIALIZED_AUTOS = YES;
				GCC_WARN_UNUSED_VARIABLE = YES;
				MACOSX_DEPLOYMENT_TARGET = 10.8;
				ONLY_ACTIVE_ARCH = YES;
				SDKROOT = macosx;
			};
			name = Debug;
		};
		533EF90617E9F252004094C6 /* Release */ = {
			isa = XCBuildConfiguration;
			buildSettings = {
				ALWAYS_SEARCH_USER_PATHS = NO;
				ARCHS = "$(ARCHS_STANDARD_64_BIT)";
				CLANG_CXX_LANGUAGE_STANDARD = "gnu++0x";
				CLANG_CXX_LIBRARY = "libc++";
				CLANG_WARN_CONSTANT_CONVERSION = YES;
				CLANG_WARN_EMPTY_BODY = YES;
				CLANG_WARN_ENUM_CONVERSION = YES;
				CLANG_WARN_INT_CONVERSION = YES;
				CLANG_WARN__DUPLICATE_METHOD_MATCH = YES;
				COPY_PHASE_STRIP = YES;
				DEBUG_INFORMATION_FORMAT = "dwarf-with-dsym";
				GCC_C_LANGUAGE_STANDARD = gnu99;
				GCC_ENABLE_OBJC_EXCEPTIONS = YES;
				GCC_WARN_64_TO_32_BIT_CONVERSION = YES;
				GCC_WARN_ABOUT_RETURN_TYPE = YES;
				GCC_WARN_UNINITIALIZED_AUTOS = YES;
				GCC_WARN_UNUSED_VARIABLE = YES;
				MACOSX_DEPLOYMENT_TARGET = 10.8;
				SDKROOT = macosx;
			};
			name = Release;
		};
		533EF90817E9F252004094C6 /* Debug */ = {
			isa = XCBuildConfiguration;
			buildSettings = {
				CLANG_CXX_LANGUAGE_STANDARD = "compiler-default";
				CLANG_CXX_LIBRARY = "libstdc++";
				DEPLOYMENT_LOCATION = YES;
				DSTROOT = /;
				EXECUTABLE_PREFIX = lib;
				HEADER_SEARCH_PATHS = (
					../../,
					"$(SRCROOT)/../../usr/local/include",
				);
				INSTALL_PATH = "$(SRCROOT)/../../usr/local/lib";
				LIBRARY_SEARCH_PATHS = "$(SRCROOT)/../../usr/local/lib";
				"OTHER_CPLUSPLUSFLAGS[arch=*]" = (
					"$(OTHER_CFLAGS)",
					"-DSIMPSUPPLY_DEBUG",
				);
				OTHER_LDFLAGS = (
					"-lcommon_serial",
					"-lcommon_debug",
					"-lboost_thread",
					"-lboost_system",
					"-lboost_regex",
				);
				PRIVATE_HEADERS_FOLDER_PATH = "$(PUBLIC_HEADERS_FOLDER_PATH)/core";
				PRODUCT_NAME = "$(TARGET_NAME)";
				PUBLIC_HEADERS_FOLDER_PATH = "$(SRCROOT)/../../usr/local/include/common/powersupply";
			};
			name = Debug;
		};
		533EF90917E9F252004094C6 /* Release */ = {
			isa = XCBuildConfiguration;
			buildSettings = {
				CLANG_CXX_LANGUAGE_STANDARD = "compiler-default";
				CLANG_CXX_LIBRARY = "libstdc++";
				DEPLOYMENT_LOCATION = YES;
				DSTROOT = /;
				EXECUTABLE_PREFIX = lib;
				HEADER_SEARCH_PATHS = (
					../../,
					"$(SRCROOT)/../../usr/local/include",
				);
				INSTALL_PATH = "$(SRCROOT)/../../usr/local/lib";
				LIBRARY_SEARCH_PATHS = "$(SRCROOT)/../../usr/local/lib";
				OTHER_LDFLAGS = (
					"-lcommon_serial",
					"-lcommon_debug",
					"-lboost_thread",
					"-lboost_system",
					"-lboost_regex",
				);
				PRIVATE_HEADERS_FOLDER_PATH = "$(PUBLIC_HEADERS_FOLDER_PATH)/core";
				PRODUCT_NAME = "$(TARGET_NAME)";
				PUBLIC_HEADERS_FOLDER_PATH = "$(SRCROOT)/../../usr/local/include/common/powersupply";
			};
			name = Release;
		};
		53ECE3F41817BBEE00ABD226 /* Debug */ = {
			isa = XCBuildConfiguration;
			buildSettings = {
				CLANG_CXX_LANGUAGE_STANDARD = "compiler-default";
				CLANG_CXX_LIBRARY = "libstdc++";
				CLANG_ENABLE_OBJC_ARC = YES;
				CLANG_WARN_BOOL_CONVERSION = YES;
				CLANG_WARN_DIRECT_OBJC_ISA_USAGE = YES_ERROR;
				CLANG_WARN_OBJC_ROOT_CLASS = YES_ERROR;
				DSTROOT = /;
				GCC_PREPROCESSOR_DEFINITIONS = (
					"DEBUG=1",
					"$(inherited)",
				);
				GCC_WARN_ABOUT_RETURN_TYPE = YES_ERROR;
				GCC_WARN_UNDECLARED_SELECTOR = YES;
				GCC_WARN_UNUSED_FUNCTION = YES;
				HEADER_SEARCH_PATHS = "$(SRCROOT)/../../usr/local/include";
				INSTALL_PATH = "$(SRCROOT)/../../usr/local/bin";
				LIBRARY_SEARCH_PATHS = "$(SRCROOT)/../../usr/local/lib";
				OTHER_LDFLAGS = (
					"-lcommon_serial",
					"-lcommon_debug",
					"-lcommon_powersupply",
					"-lboost_program_options",
					"-lboost_thread",
					"-lboost_system",
				);
				PRODUCT_NAME = "$(TARGET_NAME)";
			};
			name = Debug;
		};
		53ECE3F51817BBEE00ABD226 /* Release */ = {
			isa = XCBuildConfiguration;
			buildSettings = {
				CLANG_CXX_LANGUAGE_STANDARD = "compiler-default";
				CLANG_CXX_LIBRARY = "libstdc++";
				CLANG_ENABLE_OBJC_ARC = YES;
				CLANG_WARN_BOOL_CONVERSION = YES;
				CLANG_WARN_DIRECT_OBJC_ISA_USAGE = YES_ERROR;
				CLANG_WARN_OBJC_ROOT_CLASS = YES_ERROR;
				DSTROOT = /;
				ENABLE_NS_ASSERTIONS = NO;
				GCC_WARN_ABOUT_RETURN_TYPE = YES_ERROR;
				GCC_WARN_UNDECLARED_SELECTOR = YES;
				GCC_WARN_UNUSED_FUNCTION = YES;
				HEADER_SEARCH_PATHS = "$(SRCROOT)/../../usr/local/include";
				INSTALL_PATH = "$(SRCROOT)/../../usr/local/bin";
				LIBRARY_SEARCH_PATHS = "$(SRCROOT)/../../usr/local/lib";
				OTHER_LDFLAGS = (
					"-lcommon_serial",
					"-lcommon_debug",
					"-lcommon_powersupply",
					"-lboost_program_options",
					"-lboost_thread",
					"-lboost_system",
				);
				PRODUCT_NAME = "$(TARGET_NAME)";
			};
			name = Release;
		};
/* End XCBuildConfiguration section */

/* Begin XCConfigurationList section */
		533EF8FE17E9F252004094C6 /* Build configuration list for PBXProject "PowerSupply" */ = {
			isa = XCConfigurationList;
			buildConfigurations = (
				533EF90517E9F252004094C6 /* Debug */,
				533EF90617E9F252004094C6 /* Release */,
			);
			defaultConfigurationIsVisible = 0;
			defaultConfigurationName = Release;
		};
		533EF90717E9F252004094C6 /* Build configuration list for PBXNativeTarget "common_powersupply" */ = {
			isa = XCConfigurationList;
			buildConfigurations = (
				533EF90817E9F252004094C6 /* Debug */,
				533EF90917E9F252004094C6 /* Release */,
			);
			defaultConfigurationIsVisible = 0;
			defaultConfigurationName = Release;
		};
		53ECE3F31817BBEE00ABD226 /* Build configuration list for PBXNativeTarget "test_ocem" */ = {
			isa = XCConfigurationList;
			buildConfigurations = (
				53ECE3F41817BBEE00ABD226 /* Debug */,
				53ECE3F51817BBEE00ABD226 /* Release */,
			);
			defaultConfigurationIsVisible = 0;
			defaultConfigurationName = Release;
		};
/* End XCConfigurationList section */
	};
	rootObject = 533EF8FB17E9F252004094C6 /* Project object */;
}
